{
  "name": "sitmun-js-example",
  "version": "0.0.2",
  "lockfileVersion": 2,
  "requires": true,
  "packages": {
    "": {
      "name": "sitmun-js-example",
      "version": "0.0.2",
      "license": "MIT",
      "dependencies": {
        "@sitmun/sitmun-js": "file:.."
      }
    },
    "..": {
      "version": "0.0.2",
      "license": "MIT",
      "dependencies": {
        "isomorphic-unfetch": "^3.1.0",
        "npm-check-updates": "^11.6.0"
      },
      "devDependencies": {
        "@types/jest": "^26.0.23",
        "jest": "^27.0.4",
        "microbundle": "^0.13.2"
      }
    },
    "node_modules/@sitmun/sitmun-js": {
      "resolved": "..",
      "link": true
    }
  },
  "dependencies": {
    "@sitmun/sitmun-js": {
      "version": "file:..",
      "requires": {
        "@types/jest": "^26.0.23",
        "isomorphic-unfetch": "^3.1.0",
        "jest": "^27.0.4",
        "microbundle": "^0.13.2",
        "npm-check-updates": "^11.6.0"
      }
    }
  }
}
